
Microsoft Visual Studio Solution File, Format Version 12.00
# Visual Studio Version 16
VisualStudioVersion = 16.0.28803.202
MinimumVisualStudioVersion = 10.0.40219.1
Project("{FAE04EC0-301F-11D3-BF4B-00C04F79EFBC}") = "NotesBE", "NotesBE\NotesBE.csproj", "{1B0C874A-33DC-4258-B6F1-F40B64DD31AB}"
EndProject
Global
	GlobalSection(SolutionConfigurationPlatforms) = preSolution
		Debug|Any CPU = Debug|Any CPU
		Release|Any CPU = Release|Any CPU
	EndGlobalSection
	GlobalSection(ProjectConfigurationPlatforms) = postSolution
		{1B0C874A-33DC-4258-B6F1-F40B64DD31AB}.Debug|Any CPU.ActiveCfg = Debug|Any CPU
		{1B0C874A-33DC-4258-B6F1-F40B64DD31AB}.Debug|Any CPU.Build.0 = Debug|Any CPU
		{1B0C874A-33DC-4258-B6F1-F40B64DD31AB}.Release|Any CPU.ActiveCfg = Release|Any CPU
		{1B0C874A-33DC-4258-B6F1-F40B64DD31AB}.Release|Any CPU.Build.0 = Release|Any CPU
	EndGlobalSection
	GlobalSection(SolutionProperties) = preSolution
		HideSolutionNode = FALSE
	EndGlobalSection
	GlobalSection(ExtensibilityGlobals) = postSolution
		SolutionGuid = {F69AD496-2179-4190-8AB8-0B6775D91A44}
	EndGlobalSection
EndGlobal
